// !$*UTF8*$!
{
	archiveVersion = 1;
	classes = {
	};
	objectVersion = 50;
	objects = {

/* Begin PBXBuildFile section */
		71FDC4192259349600793BA4 /* AppDelegate.swift in Sources */ = {isa = PBXBuildFile; fileRef = 71FDC4182259349600793BA4 /* AppDelegate.swift */; };
		71FDC41B2259349600793BA4 /* ViewController.swift in Sources */ = {isa = PBXBuildFile; fileRef = 71FDC41A2259349600793BA4 /* ViewController.swift */; };
		71FDC41E2259349600793BA4 /* Main.storyboard in Resources */ = {isa = PBXBuildFile; fileRef = 71FDC41C2259349600793BA4 /* Main.storyboard */; };
		71FDC4232259349800793BA4 /* LaunchScreen.storyboard in Resources */ = {isa = PBXBuildFile; fileRef = 71FDC4212259349800793BA4 /* LaunchScreen.storyboard */; };
		71FDC4402259405B00793BA4 /* dev_production.xcconfig in Resources */ = {isa = PBXBuildFile; fileRef = 71FDC43C2259405B00793BA4 /* dev_production.xcconfig */; };
		71FDC4412259405B00793BA4 /* pre_production.xcconfig in Resources */ = {isa = PBXBuildFile; fileRef = 71FDC43D2259405B00793BA4 /* pre_production.xcconfig */; };
		71FDC4422259405B00793BA4 /* dev_pre_production.xcconfig in Resources */ = {isa = PBXBuildFile; fileRef = 71FDC43E2259405B00793BA4 /* dev_pre_production.xcconfig */; };
		71FDC4432259405B00793BA4 /* production.xcconfig in Resources */ = {isa = PBXBuildFile; fileRef = 71FDC43F2259405B00793BA4 /* production.xcconfig */; };
		71FDC4E12259510F00793BA4 /* Assets.xcassets in Resources */ = {isa = PBXBuildFile; fileRef = 71FDC4DC2259510F00793BA4 /* Assets.xcassets */; };
/* End PBXBuildFile section */

/* Begin PBXFileReference section */
		71FDC4152259349600793BA4 /* Learn Xcode Config.app */ = {isa = PBXFileReference; explicitFileType = wrapper.application; includeInIndex = 0; path = "Learn Xcode Config.app"; sourceTree = BUILT_PRODUCTS_DIR; };
		71FDC4182259349600793BA4 /* AppDelegate.swift */ = {isa = PBXFileReference; lastKnownFileType = sourcecode.swift; path = AppDelegate.swift; sourceTree = "<group>"; };
		71FDC41A2259349600793BA4 /* ViewController.swift */ = {isa = PBXFileReference; lastKnownFileType = sourcecode.swift; path = ViewController.swift; sourceTree = "<group>"; };
		71FDC41D2259349600793BA4 /* Base */ = {isa = PBXFileReference; lastKnownFileType = file.storyboard; name = Base; path = Base.lproj/Main.storyboard; sourceTree = "<group>"; };
		71FDC4222259349800793BA4 /* Base */ = {isa = PBXFileReference; lastKnownFileType = file.storyboard; name = Base; path = Base.lproj/LaunchScreen.storyboard; sourceTree = "<group>"; };
		71FDC4242259349800793BA4 /* Info.plist */ = {isa = PBXFileReference; lastKnownFileType = text.plist.xml; path = Info.plist; sourceTree = "<group>"; };
		71FDC43C2259405B00793BA4 /* dev_production.xcconfig */ = {isa = PBXFileReference; fileEncoding = 4; lastKnownFileType = text.xcconfig; path = dev_production.xcconfig; sourceTree = "<group>"; };
		71FDC43D2259405B00793BA4 /* pre_production.xcconfig */ = {isa = PBXFileReference; fileEncoding = 4; lastKnownFileType = text.xcconfig; path = pre_production.xcconfig; sourceTree = "<group>"; };
		71FDC43E2259405B00793BA4 /* dev_pre_production.xcconfig */ = {isa = PBXFileReference; fileEncoding = 4; lastKnownFileType = text.xcconfig; path = dev_pre_production.xcconfig; sourceTree = "<group>"; };
		71FDC43F2259405B00793BA4 /* production.xcconfig */ = {isa = PBXFileReference; fileEncoding = 4; lastKnownFileType = text.xcconfig; path = production.xcconfig; sourceTree = "<group>"; };
		71FDC4DC2259510F00793BA4 /* Assets.xcassets */ = {isa = PBXFileReference; lastKnownFileType = folder.assetcatalog; path = Assets.xcassets; sourceTree = "<group>"; };
/* End PBXFileReference section */

/* Begin PBXFrameworksBuildPhase section */
		71FDC4122259349600793BA4 /* Frameworks */ = {
			isa = PBXFrameworksBuildPhase;
			buildActionMask = 2147483647;
			files = (
			);
			runOnlyForDeploymentPostprocessing = 0;
		};
/* End PBXFrameworksBuildPhase section */

/* Begin PBXGroup section */
		71FDC40C2259349600793BA4 = {
			isa = PBXGroup;
			children = (
				71FDC4172259349600793BA4 /* Learn Xcode Config */,
				71FDC4162259349600793BA4 /* Products */,
			);
			sourceTree = "<group>";
		};
		71FDC4162259349600793BA4 /* Products */ = {
			isa = PBXGroup;
			children = (
				71FDC4152259349600793BA4 /* Learn Xcode Config.app */,
			);
			name = Products;
			sourceTree = "<group>";
		};
		71FDC4172259349600793BA4 /* Learn Xcode Config */ = {
			isa = PBXGroup;
			children = (
				71FDC4D62259510F00793BA4 /* Resources */,
				71FDC43B2259405B00793BA4 /* Configurations */,
				71FDC4182259349600793BA4 /* AppDelegate.swift */,
				71FDC41A2259349600793BA4 /* ViewController.swift */,
				71FDC41C2259349600793BA4 /* Main.storyboard */,
				71FDC4212259349800793BA4 /* LaunchScreen.storyboard */,
				71FDC4242259349800793BA4 /* Info.plist */,
			);
			path = "Learn Xcode Config";
			sourceTree = "<group>";
		};
		71FDC43B2259405B00793BA4 /* Configurations */ = {
			isa = PBXGroup;
			children = (
				71FDC43C2259405B00793BA4 /* dev_production.xcconfig */,
				71FDC43D2259405B00793BA4 /* pre_production.xcconfig */,
				71FDC43E2259405B00793BA4 /* dev_pre_production.xcconfig */,
				71FDC43F2259405B00793BA4 /* production.xcconfig */,
			);
			path = Configurations;
			sourceTree = SOURCE_ROOT;
		};
		71FDC4D62259510F00793BA4 /* Resources */ = {
			isa = PBXGroup;
			children = (
				71FDC4DC2259510F00793BA4 /* Assets.xcassets */,
			);
			path = Resources;
			sourceTree = "<group>";
		};
/* End PBXGroup section */

/* Begin PBXNativeTarget section */
		71FDC4142259349600793BA4 /* Learn Xcode Config */ = {
			isa = PBXNativeTarget;
			buildConfigurationList = 71FDC4272259349800793BA4 /* Build configuration list for PBXNativeTarget "Learn Xcode Config" */;
			buildPhases = (
				71FDC4112259349600793BA4 /* Sources */,
				71FDC4122259349600793BA4 /* Frameworks */,
				71FDC4132259349600793BA4 /* Resources */,
			);
			buildRules = (
			);
			dependencies = (
			);
			name = "Learn Xcode Config";
			productName = "Learn Xcode Config";
			productReference = 71FDC4152259349600793BA4 /* Learn Xcode Config.app */;
			productType = "com.apple.product-type.application";
		};
/* End PBXNativeTarget section */

/* Begin PBXProject section */
		71FDC40D2259349600793BA4 /* Project object */ = {
			isa = PBXProject;
			attributes = {
				LastSwiftUpdateCheck = 1020;
				LastUpgradeCheck = 1020;
				ORGANIZATIONNAME = Organization;
				TargetAttributes = {
					71FDC4142259349600793BA4 = {
						CreatedOnToolsVersion = 10.2;
					};
				};
			};
			buildConfigurationList = 71FDC4102259349600793BA4 /* Build configuration list for PBXProject "Learn Xcode Config" */;
			compatibilityVersion = "Xcode 9.3";
			developmentRegion = en;
			hasScannedForEncodings = 0;
			knownRegions = (
				en,
				Base,
			);
			mainGroup = 71FDC40C2259349600793BA4;
			productRefGroup = 71FDC4162259349600793BA4 /* Products */;
			projectDirPath = "";
			projectRoot = "";
			targets = (
				71FDC4142259349600793BA4 /* Learn Xcode Config */,
			);
		};
/* End PBXProject section */

/* Begin PBXResourcesBuildPhase section */
		71FDC4132259349600793BA4 /* Resources */ = {
			isa = PBXResourcesBuildPhase;
			buildActionMask = 2147483647;
			files = (
				71FDC4232259349800793BA4 /* LaunchScreen.storyboard in Resources */,
				71FDC4412259405B00793BA4 /* pre_production.xcconfig in Resources */,
				71FDC4E12259510F00793BA4 /* Assets.xcassets in Resources */,
				71FDC4432259405B00793BA4 /* production.xcconfig in Resources */,
				71FDC4422259405B00793BA4 /* dev_pre_production.xcconfig in Resources */,
				71FDC41E2259349600793BA4 /* Main.storyboard in Resources */,
				71FDC4402259405B00793BA4 /* dev_production.xcconfig in Resources */,
			);
			runOnlyForDeploymentPostprocessing = 0;
		};
/* End PBXResourcesBuildPhase section */

/* Begin PBXSourcesBuildPhase section */
		71FDC4112259349600793BA4 /* Sources */ = {
			isa = PBXSourcesBuildPhase;
			buildActionMask = 2147483647;
			files = (
				71FDC41B2259349600793BA4 /* ViewController.swift in Sources */,
				71FDC4192259349600793BA4 /* AppDelegate.swift in Sources */,
			);
			runOnlyForDeploymentPostprocessing = 0;
		};
/* End PBXSourcesBuildPhase section */

/* Begin PBXVariantGroup section */
		71FDC41C2259349600793BA4 /* Main.storyboard */ = {
			isa = PBXVariantGroup;
			children = (
				71FDC41D2259349600793BA4 /* Base */,
			);
			name = Main.storyboard;
			sourceTree = "<group>";
		};
		71FDC4212259349800793BA4 /* LaunchScreen.storyboard */ = {
			isa = PBXVariantGroup;
			children = (
				71FDC4222259349800793BA4 /* Base */,
			);
			name = LaunchScreen.storyboard;
			sourceTree = "<group>";
		};
/* End PBXVariantGroup section */

/* Begin XCBuildConfiguration section */
		716B59C7225953FA002B2A8E /* Production */ = {
			isa = XCBuildConfiguration;
			baseConfigurationReference = 71FDC43F2259405B00793BA4 /* production.xcconfig */;
			buildSettings = {
				ALWAYS_SEARCH_USER_PATHS = NO;
				CLANG_ANALYZER_NONNULL = YES;
				CLANG_ANALYZER_NUMBER_OBJECT_CONVERSION = YES_AGGRESSIVE;
				CLANG_CXX_LANGUAGE_STANDARD = "gnu++14";
				CLANG_CXX_LIBRARY = "libc++";
				CLANG_ENABLE_MODULES = YES;
				CLANG_ENABLE_OBJC_ARC = YES;
				CLANG_ENABLE_OBJC_WEAK = YES;
				CLANG_WARN_BLOCK_CAPTURE_AUTORELEASING = YES;
				CLANG_WARN_BOOL_CONVERSION = YES;
				CLANG_WARN_COMMA = YES;
				CLANG_WARN_CONSTANT_CONVERSION = YES;
				CLANG_WARN_DEPRECATED_OBJC_IMPLEMENTATIONS = YES;
				CLANG_WARN_DIRECT_OBJC_ISA_USAGE = YES_ERROR;
				CLANG_WARN_DOCUMENTATION_COMMENTS = YES;
				CLANG_WARN_EMPTY_BODY = YES;
				CLANG_WARN_ENUM_CONVERSION = YES;
				CLANG_WARN_INFINITE_RECURSION = YES;
				CLANG_WARN_INT_CONVERSION = YES;
				CLANG_WARN_NON_LITERAL_NULL_CONVERSION = YES;
				CLANG_WARN_OBJC_IMPLICIT_RETAIN_SELF = YES;
				CLANG_WARN_OBJC_LITERAL_CONVERSION = YES;
				CLANG_WARN_OBJC_ROOT_CLASS = YES_ERROR;
				CLANG_WARN_RANGE_LOOP_ANALYSIS = YES;
				CLANG_WARN_STRICT_PROTOTYPES = YES;
				CLANG_WARN_SUSPICIOUS_MOVE = YES;
				CLANG_WARN_UNGUARDED_AVAILABILITY = YES_AGGRESSIVE;
				CLANG_WARN_UNREACHABLE_CODE = YES;
				CLANG_WARN__DUPLICATE_METHOD_MATCH = YES;
				CODE_SIGN_IDENTITY = "iPhone Developer";
				COPY_PHASE_STRIP = NO;
				DEBUG_INFORMATION_FORMAT = "dwarf-with-dsym";
				ENABLE_NS_ASSERTIONS = NO;
				ENABLE_STRICT_OBJC_MSGSEND = YES;
				GCC_C_LANGUAGE_STANDARD = gnu11;
				GCC_NO_COMMON_BLOCKS = YES;
				GCC_WARN_64_TO_32_BIT_CONVERSION = YES;
				GCC_WARN_ABOUT_RETURN_TYPE = YES_ERROR;
				GCC_WARN_UNDECLARED_SELECTOR = YES;
				GCC_WARN_UNINITIALIZED_AUTOS = YES_AGGRESSIVE;
				GCC_WARN_UNUSED_FUNCTION = YES;
				GCC_WARN_UNUSED_VARIABLE = YES;
				IPHONEOS_DEPLOYMENT_TARGET = 12.2;
				MTL_ENABLE_DEBUG_INFO = NO;
				MTL_FAST_MATH = YES;
				SDKROOT = iphoneos;
				SWIFT_COMPILATION_MODE = wholemodule;
				SWIFT_OPTIMIZATION_LEVEL = "-O";
				VALIDATE_PRODUCT = YES;
			};
			name = Production;
		};
		716B59C8225953FA002B2A8E /* Production */ = {
			isa = XCBuildConfiguration;
			baseConfigurationReference = 71FDC43F2259405B00793BA4 /* production.xcconfig */;
			buildSettings = {
				CODE_SIGN_STYLE = Automatic;
				DEVELOPMENT_TEAM = 3WG479C5TW;
				INFOPLIST_FILE = "Learn Xcode Config/Info.plist";
				LD_RUNPATH_SEARCH_PATHS = (
					"$(inherited)",
					"@executable_path/Frameworks",
				);
				PRODUCT_NAME = "$(TARGET_NAME)";
				SWIFT_VERSION = 5.0;
				TARGETED_DEVICE_FAMILY = "1,2";
			};
			name = Production;
		};
		716B59C922595405002B2A8E /* Pre Production */ = {
			isa = XCBuildConfiguration;
			baseConfigurationReference = 71FDC43D2259405B00793BA4 /* pre_production.xcconfig */;
			buildSettings = {
				ALWAYS_SEARCH_USER_PATHS = NO;
				CLANG_ANALYZER_NONNULL = YES;
				CLANG_ANALYZER_NUMBER_OBJECT_CONVERSION = YES_AGGRESSIVE;
				CLANG_CXX_LANGUAGE_STANDARD = "gnu++14";
				CLANG_CXX_LIBRARY = "libc++";
				CLANG_ENABLE_MODULES = YES;
				CLANG_ENABLE_OBJC_ARC = YES;
				CLANG_ENABLE_OBJC_WEAK = YES;
				CLANG_WARN_BLOCK_CAPTURE_AUTORELEASING = YES;
				CLANG_WARN_BOOL_CONVERSION = YES;
				CLANG_WARN_COMMA = YES;
				CLANG_WARN_CONSTANT_CONVERSION = YES;
				CLANG_WARN_DEPRECATED_OBJC_IMPLEMENTATIONS = YES;
				CLANG_WARN_DIRECT_OBJC_ISA_USAGE = YES_ERROR;
				CLANG_WARN_DOCUMENTATION_COMMENTS = YES;
				CLANG_WARN_EMPTY_BODY = YES;
				CLANG_WARN_ENUM_CONVERSION = YES;
				CLANG_WARN_INFINITE_RECURSION = YES;
				CLANG_WARN_INT_CONVERSION = YES;
				CLANG_WARN_NON_LITERAL_NULL_CONVERSION = YES;
				CLANG_WARN_OBJC_IMPLICIT_RETAIN_SELF = YES;
				CLANG_WARN_OBJC_LITERAL_CONVERSION = YES;
				CLANG_WARN_OBJC_ROOT_CLASS = YES_ERROR;
				CLANG_WARN_RANGE_LOOP_ANALYSIS = YES;
				CLANG_WARN_STRICT_PROTOTYPES = YES;
				CLANG_WARN_SUSPICIOUS_MOVE = YES;
				CLANG_WARN_UNGUARDED_AVAILABILITY = YES_AGGRESSIVE;
				CLANG_WARN_UNREACHABLE_CODE = YES;
				CLANG_WARN__DUPLICATE_METHOD_MATCH = YES;
				CODE_SIGN_IDENTITY = "iPhone Developer";
				COPY_PHASE_STRIP = NO;
				DEBUG_INFORMATION_FORMAT = "dwarf-with-dsym";
				ENABLE_NS_ASSERTIONS = NO;
				ENABLE_STRICT_OBJC_MSGSEND = YES;
				GCC_C_LANGUAGE_STANDARD = gnu11;
				GCC_NO_COMMON_BLOCKS = YES;
				GCC_WARN_64_TO_32_BIT_CONVERSION = YES;
				GCC_WARN_ABOUT_RETURN_TYPE = YES_ERROR;
				GCC_WARN_UNDECLARED_SELECTOR = YES;
				GCC_WARN_UNINITIALIZED_AUTOS = YES_AGGRESSIVE;
				GCC_WARN_UNUSED_FUNCTION = YES;
				GCC_WARN_UNUSED_VARIABLE = YES;
				IPHONEOS_DEPLOYMENT_TARGET = 12.2;
				MTL_ENABLE_DEBUG_INFO = NO;
				MTL_FAST_MATH = YES;
				SDKROOT = iphoneos;
				SWIFT_COMPILATION_MODE = wholemodule;
				SWIFT_OPTIMIZATION_LEVEL = "-O";
				VALIDATE_PRODUCT = YES;
			};
			name = "Pre Production";
		};
		716B59CA22595405002B2A8E /* Pre Production */ = {
			isa = XCBuildConfiguration;
			baseConfigurationReference = 71FDC43D2259405B00793BA4 /* pre_production.xcconfig */;
			buildSettings = {
				CODE_SIGN_STYLE = Automatic;
				DEVELOPMENT_TEAM = 3WG479C5TW;
				INFOPLIST_FILE = "Learn Xcode Config/Info.plist";
				LD_RUNPATH_SEARCH_PATHS = (
					"$(inherited)",
					"@executable_path/Frameworks",
				);
				PRODUCT_NAME = "$(TARGET_NAME)";
				SWIFT_VERSION = 5.0;
				TARGETED_DEVICE_FAMILY = "1,2";
			};
			name = "Pre Production";
		};
		716B59CB22595413002B2A8E /* Dev Pre Production - Debug */ = {
			isa = XCBuildConfiguration;
			baseConfigurationReference = 71FDC43E2259405B00793BA4 /* dev_pre_production.xcconfig */;
			buildSettings = {
				ALWAYS_SEARCH_USER_PATHS = NO;
				CLANG_ANALYZER_NONNULL = YES;
				CLANG_ANALYZER_NUMBER_OBJECT_CONVERSION = YES_AGGRESSIVE;
				CLANG_CXX_LANGUAGE_STANDARD = "gnu++14";
				CLANG_CXX_LIBRARY = "libc++";
				CLANG_ENABLE_MODULES = YES;
				CLANG_ENABLE_OBJC_ARC = YES;
				CLANG_ENABLE_OBJC_WEAK = YES;
				CLANG_WARN_BLOCK_CAPTURE_AUTORELEASING = YES;
				CLANG_WARN_BOOL_CONVERSION = YES;
				CLANG_WARN_COMMA = YES;
				CLANG_WARN_CONSTANT_CONVERSION = YES;
				CLANG_WARN_DEPRECATED_OBJC_IMPLEMENTATIONS = YES;
				CLANG_WARN_DIRECT_OBJC_ISA_USAGE = YES_ERROR;
				CLANG_WARN_DOCUMENTATION_COMMENTS = YES;
				CLANG_WARN_EMPTY_BODY = YES;
				CLANG_WARN_ENUM_CONVERSION = YES;
				CLANG_WARN_INFINITE_RECURSION = YES;
				CLANG_WARN_INT_CONVERSION = YES;
				CLANG_WARN_NON_LITERAL_NULL_CONVERSION = YES;
				CLANG_WARN_OBJC_IMPLICIT_RETAIN_SELF = YES;
				CLANG_WARN_OBJC_LITERAL_CONVERSION = YES;
				CLANG_WARN_OBJC_ROOT_CLASS = YES_ERROR;
				CLANG_WARN_RANGE_LOOP_ANALYSIS = YES;
				CLANG_WARN_STRICT_PROTOTYPES = YES;
				CLANG_WARN_SUSPICIOUS_MOVE = YES;
				CLANG_WARN_UNGUARDED_AVAILABILITY = YES_AGGRESSIVE;
				CLANG_WARN_UNREACHABLE_CODE = YES;
				CLANG_WARN__DUPLICATE_METHOD_MATCH = YES;
				CODE_SIGN_IDENTITY = "iPhone Developer";
				COPY_PHASE_STRIP = NO;
				DEBUG_INFORMATION_FORMAT = dwarf;
				ENABLE_STRICT_OBJC_MSGSEND = YES;
				ENABLE_TESTABILITY = YES;
				GCC_C_LANGUAGE_STANDARD = gnu11;
				GCC_DYNAMIC_NO_PIC = NO;
				GCC_NO_COMMON_BLOCKS = YES;
				GCC_OPTIMIZATION_LEVEL = 0;
				GCC_PREPROCESSOR_DEFINITIONS = (
					"DEBUG=1",
					"$(inherited)",
				);
				GCC_WARN_64_TO_32_BIT_CONVERSION = YES;
				GCC_WARN_ABOUT_RETURN_TYPE = YES_ERROR;
				GCC_WARN_UNDECLARED_SELECTOR = YES;
				GCC_WARN_UNINITIALIZED_AUTOS = YES_AGGRESSIVE;
				GCC_WARN_UNUSED_FUNCTION = YES;
				GCC_WARN_UNUSED_VARIABLE = YES;
				IPHONEOS_DEPLOYMENT_TARGET = 12.2;
				MTL_ENABLE_DEBUG_INFO = INCLUDE_SOURCE;
				MTL_FAST_MATH = YES;
				SDKROOT = iphoneos;
				SWIFT_ACTIVE_COMPILATION_CONDITIONS = DEBUG;
				SWIFT_OPTIMIZATION_LEVEL = "-Onone";
			};
			name = "Dev Pre Production - Debug";
		};
		716B59CC22595413002B2A8E /* Dev Pre Production - Debug */ = {
			isa = XCBuildConfiguration;
			baseConfigurationReference = 71FDC43E2259405B00793BA4 /* dev_pre_production.xcconfig */;
			buildSettings = {
				CODE_SIGN_STYLE = Automatic;
				DEVELOPMENT_TEAM = 3WG479C5TW;
				INFOPLIST_FILE = "Learn Xcode Config/Info.plist";
				LD_RUNPATH_SEARCH_PATHS = (
					"$(inherited)",
					"@executable_path/Frameworks",
				);
				PRODUCT_NAME = "$(TARGET_NAME)";
				SWIFT_VERSION = 5.0;
				TARGETED_DEVICE_FAMILY = "1,2";
			};
			name = "Dev Pre Production - Debug";
		};
		716B59CD22595428002B2A8E /* Dev Production */ = {
			isa = XCBuildConfiguration;
			baseConfigurationReference = 71FDC43C2259405B00793BA4 /* dev_production.xcconfig */;
			buildSettings = {
				ALWAYS_SEARCH_USER_PATHS = NO;
				CLANG_ANALYZER_NONNULL = YES;
				CLANG_ANALYZER_NUMBER_OBJECT_CONVERSION = YES_AGGRESSIVE;
				CLANG_CXX_LANGUAGE_STANDARD = "gnu++14";
				CLANG_CXX_LIBRARY = "libc++";
				CLANG_ENABLE_MODULES = YES;
				CLANG_ENABLE_OBJC_ARC = YES;
				CLANG_ENABLE_OBJC_WEAK = YES;
				CLANG_WARN_BLOCK_CAPTURE_AUTORELEASING = YES;
				CLANG_WARN_BOOL_CONVERSION = YES;
				CLANG_WARN_COMMA = YES;
				CLANG_WARN_CONSTANT_CONVERSION = YES;
				CLANG_WARN_DEPRECATED_OBJC_IMPLEMENTATIONS = YES;
				CLANG_WARN_DIRECT_OBJC_ISA_USAGE = YES_ERROR;
				CLANG_WARN_DOCUMENTATION_COMMENTS = YES;
				CLANG_WARN_EMPTY_BODY = YES;
				CLANG_WARN_ENUM_CONVERSION = YES;
				CLANG_WARN_INFINITE_RECURSION = YES;
				CLANG_WARN_INT_CONVERSION = YES;
				CLANG_WARN_NON_LITERAL_NULL_CONVERSION = YES;
				CLANG_WARN_OBJC_IMPLICIT_RETAIN_SELF = YES;
				CLANG_WARN_OBJC_LITERAL_CONVERSION = YES;
				CLANG_WARN_OBJC_ROOT_CLASS = YES_ERROR;
				CLANG_WARN_RANGE_LOOP_ANALYSIS = YES;
				CLANG_WARN_STRICT_PROTOTYPES = YES;
				CLANG_WARN_SUSPICIOUS_MOVE = YES;
				CLANG_WARN_UNGUARDED_AVAILABILITY = YES_AGGRESSIVE;
				CLANG_WARN_UNREACHABLE_CODE = YES;
				CLANG_WARN__DUPLICATE_METHOD_MATCH = YES;
				CODE_SIGN_IDENTITY = "iPhone Developer";
				COPY_PHASE_STRIP = NO;
				DEBUG_INFORMATION_FORMAT = dwarf;
				ENABLE_STRICT_OBJC_MSGSEND = YES;
				ENABLE_TESTABILITY = YES;
				GCC_C_LANGUAGE_STANDARD = gnu11;
				GCC_DYNAMIC_NO_PIC = NO;
				GCC_NO_COMMON_BLOCKS = YES;
				GCC_OPTIMIZATION_LEVEL = 0;
				GCC_PREPROCESSOR_DEFINITIONS = (
					"DEBUG=1",
					"$(inherited)",
				);
				GCC_WARN_64_TO_32_BIT_CONVERSION = YES;
				GCC_WARN_ABOUT_RETURN_TYPE = YES_ERROR;
				GCC_WARN_UNDECLARED_SELECTOR = YES;
				GCC_WARN_UNINITIALIZED_AUTOS = YES_AGGRESSIVE;
				GCC_WARN_UNUSED_FUNCTION = YES;
				GCC_WARN_UNUSED_VARIABLE = YES;
				IPHONEOS_DEPLOYMENT_TARGET = 12.2;
				MTL_ENABLE_DEBUG_INFO = INCLUDE_SOURCE;
				MTL_FAST_MATH = YES;
				SDKROOT = iphoneos;
				SWIFT_ACTIVE_COMPILATION_CONDITIONS = DEBUG;
				SWIFT_OPTIMIZATION_LEVEL = "-Onone";
			};
			name = "Dev Production";
		};
		716B59CE22595428002B2A8E /* Dev Production */ = {
			isa = XCBuildConfiguration;
			baseConfigurationReference = 71FDC43C2259405B00793BA4 /* dev_production.xcconfig */;
			buildSettings = {
				CODE_SIGN_STYLE = Automatic;
				DEVELOPMENT_TEAM = 3WG479C5TW;
				INFOPLIST_FILE = "Learn Xcode Config/Info.plist";
				LD_RUNPATH_SEARCH_PATHS = (
					"$(inherited)",
					"@executable_path/Frameworks",
				);
				PRODUCT_NAME = "$(TARGET_NAME)";
				SWIFT_VERSION = 5.0;
				TARGETED_DEVICE_FAMILY = "1,2";
			};
			name = "Dev Production";
		};
/* End XCBuildConfiguration section */

/* Begin XCConfigurationList section */
		71FDC4102259349600793BA4 /* Build configuration list for PBXProject "Learn Xcode Config" */ = {
			isa = XCConfigurationList;
			buildConfigurations = (
				716B59CB22595413002B2A8E /* Dev Pre Production - Debug */,
				716B59CD22595428002B2A8E /* Dev Production */,
				716B59C7225953FA002B2A8E /* Production */,
				716B59C922595405002B2A8E /* Pre Production */,
			);
			defaultConfigurationIsVisible = 0;
			defaultConfigurationName = Production;
		};
		71FDC4272259349800793BA4 /* Build configuration list for PBXNativeTarget "Learn Xcode Config" */ = {
			isa = XCConfigurationList;
			buildConfigurations = (
				716B59CC22595413002B2A8E /* Dev Pre Production - Debug */,
				716B59CE22595428002B2A8E /* Dev Production */,
				716B59C8225953FA002B2A8E /* Production */,
				716B59CA22595405002B2A8E /* Pre Production */,
			);
			defaultConfigurationIsVisible = 0;
			defaultConfigurationName = Production;
		};
/* End XCConfigurationList section */
	};
	rootObject = 71FDC40D2259349600793BA4 /* Project object */;
}
